{
    "_meta": {
        "hash": {
            "sha256": "c916eca6d5a9eb3b2ce3d9446c92ddec4b8e84a2e5f2a752b6b2d1a3b96d552b"
        },
        "host-environment-markers": {
            "implementation_name": "cpython",
            "implementation_version": "3.6.2",
            "os_name": "posix",
            "platform_machine": "x86_64",
            "platform_python_implementation": "CPython",
            "platform_release": "17.3.0",
            "platform_system": "Darwin",
            "platform_version": "Darwin Kernel Version 17.3.0: Thu Nov  9 18:09:22 PST 2017; root:xnu-4570.31.3~1/RELEASE_X86_64",
            "python_full_version": "3.6.2",
            "python_version": "3.6",
            "sys_platform": "darwin"
        },
        "pipfile-spec": 6,
        "requires": {},
        "sources": [
            {
                "name": "pypi",
                "url": "https://pypi.python.org/simple",
                "verify_ssl": true
            }
        ]
    },
    "default": {
        "future": {
            "hashes": [
                "sha256:e39ced1ab767b5936646cedba8bcce582398233d6a627067d4c6a454c90cfedb"
            ],
            "version": "==0.16.0"
        },
        "pyglet": {
            "hashes": [
                "sha256:a0052a0566d30ab0c7eba9e0fe62d14dee37aabd67cd35fbced9990143940d8e",
                "sha256:640a8f8e3d7bf8dbb551fa707f14021f619932990ab1401c48ba9dbcc6c2242c"
            ],
            "version": "==1.3.0"
        }
    },
    "develop": {}
}
